// !$*UTF8*$!
{
	archiveVersion = 1;
	classes = {
	};
	objectVersion = 46;
	objects = {

/* Begin PBXBuildFile section */
		2BE1CC4F1D8CEDB50024F705 /* main.m in Sources */ = {isa = PBXBuildFile; fileRef = 2BE1CC4E1D8CEDB50024F705 /* main.m */; };
		2BE1CC521D8CEDB50024F705 /* AppDelegate.m in Sources */ = {isa = PBXBuildFile; fileRef = 2BE1CC511D8CEDB50024F705 /* AppDelegate.m */; };
		2BE1CC581D8CEDB50024F705 /* Main.storyboard in Resources */ = {isa = PBXBuildFile; fileRef = 2BE1CC561D8CEDB50024F705 /* Main.storyboard */; };
		2BE1CC5A1D8CEDB50024F705 /* Assets.xcassets in Resources */ = {isa = PBXBuildFile; fileRef = 2BE1CC591D8CEDB50024F705 /* Assets.xcassets */; };
		2BE1CC5D1D8CEDB50024F705 /* LaunchScreen.storyboard in Resources */ = {isa = PBXBuildFile; fileRef = 2BE1CC5B1D8CEDB50024F705 /* LaunchScreen.storyboard */; };
		2BE1CC681D8CEDB50024F705 /* HungerMealsDeliveryTests.m in Sources */ = {isa = PBXBuildFile; fileRef = 2BE1CC671D8CEDB50024F705 /* HungerMealsDeliveryTests.m */; };
		2BE1CC731D8CEDB50024F705 /* HungerMealsDeliveryUITests.m in Sources */ = {isa = PBXBuildFile; fileRef = 2BE1CC721D8CEDB50024F705 /* HungerMealsDeliveryUITests.m */; };
		2BE1CC821D8CF07F0024F705 /* HMDLoginViewController.m in Sources */ = {isa = PBXBuildFile; fileRef = 2BE1CC811D8CF07F0024F705 /* HMDLoginViewController.m */; };
		2BE1CC871D8CF6940024F705 /* HMDListTableViewController.m in Sources */ = {isa = PBXBuildFile; fileRef = 2BE1CC861D8CF6940024F705 /* HMDListTableViewController.m */; };
		2BE1CC8A1D8CF6FE0024F705 /* HMDeliveryAddressTableViewCell.m in Sources */ = {isa = PBXBuildFile; fileRef = 2BE1CC891D8CF6FE0024F705 /* HMDeliveryAddressTableViewCell.m */; };
/* End PBXBuildFile section */

/* Begin PBXContainerItemProxy section */
		2BE1CC641D8CEDB50024F705 /* PBXContainerItemProxy */ = {
			isa = PBXContainerItemProxy;
			containerPortal = 2BE1CC421D8CEDB50024F705 /* Project object */;
			proxyType = 1;
			remoteGlobalIDString = 2BE1CC491D8CEDB50024F705;
			remoteInfo = HungerMealsDelivery;
		};
		2BE1CC6F1D8CEDB50024F705 /* PBXContainerItemProxy */ = {
			isa = PBXContainerItemProxy;
			containerPortal = 2BE1CC421D8CEDB50024F705 /* Project object */;
			proxyType = 1;
			remoteGlobalIDString = 2BE1CC491D8CEDB50024F705;
			remoteInfo = HungerMealsDelivery;
		};
/* End PBXContainerItemProxy section */

/* Begin PBXFileReference section */
		2BE1CC4A1D8CEDB50024F705 /* HungerMealsDelivery.app */ = {isa = PBXFileReference; explicitFileType = wrapper.application; includeInIndex = 0; path = HungerMealsDelivery.app; sourceTree = BUILT_PRODUCTS_DIR; };
		2BE1CC4E1D8CEDB50024F705 /* main.m */ = {isa = PBXFileReference; lastKnownFileType = sourcecode.c.objc; path = main.m; sourceTree = "<group>"; };
		2BE1CC501D8CEDB50024F705 /* AppDelegate.h */ = {isa = PBXFileReference; lastKnownFileType = sourcecode.c.h; path = AppDelegate.h; sourceTree = "<group>"; };
		2BE1CC511D8CEDB50024F705 /* AppDelegate.m */ = {isa = PBXFileReference; lastKnownFileType = sourcecode.c.objc; path = AppDelegate.m; sourceTree = "<group>"; };
		2BE1CC571D8CEDB50024F705 /* Base */ = {isa = PBXFileReference; lastKnownFileType = file.storyboard; name = Base; path = Base.lproj/Main.storyboard; sourceTree = "<group>"; };
		2BE1CC591D8CEDB50024F705 /* Assets.xcassets */ = {isa = PBXFileReference; lastKnownFileType = folder.assetcatalog; path = Assets.xcassets; sourceTree = "<group>"; };
		2BE1CC5C1D8CEDB50024F705 /* Base */ = {isa = PBXFileReference; lastKnownFileType = file.storyboard; name = Base; path = Base.lproj/LaunchScreen.storyboard; sourceTree = "<group>"; };
		2BE1CC5E1D8CEDB50024F705 /* Info.plist */ = {isa = PBXFileReference; lastKnownFileType = text.plist.xml; path = Info.plist; sourceTree = "<group>"; };
		2BE1CC631D8CEDB50024F705 /* HungerMealsDeliveryTests.xctest */ = {isa = PBXFileReference; explicitFileType = wrapper.cfbundle; includeInIndex = 0; path = HungerMealsDeliveryTests.xctest; sourceTree = BUILT_PRODUCTS_DIR; };
		2BE1CC671D8CEDB50024F705 /* HungerMealsDeliveryTests.m */ = {isa = PBXFileReference; lastKnownFileType = sourcecode.c.objc; path = HungerMealsDeliveryTests.m; sourceTree = "<group>"; };
		2BE1CC691D8CEDB50024F705 /* Info.plist */ = {isa = PBXFileReference; lastKnownFileType = text.plist.xml; path = Info.plist; sourceTree = "<group>"; };
		2BE1CC6E1D8CEDB50024F705 /* HungerMealsDeliveryUITests.xctest */ = {isa = PBXFileReference; explicitFileType = wrapper.cfbundle; includeInIndex = 0; path = HungerMealsDeliveryUITests.xctest; sourceTree = BUILT_PRODUCTS_DIR; };
		2BE1CC721D8CEDB50024F705 /* HungerMealsDeliveryUITests.m */ = {isa = PBXFileReference; lastKnownFileType = sourcecode.c.objc; path = HungerMealsDeliveryUITests.m; sourceTree = "<group>"; };
		2BE1CC741D8CEDB50024F705 /* Info.plist */ = {isa = PBXFileReference; lastKnownFileType = text.plist.xml; path = Info.plist; sourceTree = "<group>"; };
		2BE1CC801D8CF07F0024F705 /* HMDLoginViewController.h */ = {isa = PBXFileReference; fileEncoding = 4; lastKnownFileType = sourcecode.c.h; path = HMDLoginViewController.h; sourceTree = "<group>"; };
		2BE1CC811D8CF07F0024F705 /* HMDLoginViewController.m */ = {isa = PBXFileReference; fileEncoding = 4; lastKnownFileType = sourcecode.c.objc; path = HMDLoginViewController.m; sourceTree = "<group>"; };
		2BE1CC851D8CF6940024F705 /* HMDListTableViewController.h */ = {isa = PBXFileReference; fileEncoding = 4; lastKnownFileType = sourcecode.c.h; path = HMDListTableViewController.h; sourceTree = "<group>"; };
		2BE1CC861D8CF6940024F705 /* HMDListTableViewController.m */ = {isa = PBXFileReference; fileEncoding = 4; lastKnownFileType = sourcecode.c.objc; path = HMDListTableViewController.m; sourceTree = "<group>"; };
		2BE1CC881D8CF6FE0024F705 /* HMDeliveryAddressTableViewCell.h */ = {isa = PBXFileReference; fileEncoding = 4; lastKnownFileType = sourcecode.c.h; path = HMDeliveryAddressTableViewCell.h; sourceTree = "<group>"; };
		2BE1CC891D8CF6FE0024F705 /* HMDeliveryAddressTableViewCell.m */ = {isa = PBXFileReference; fileEncoding = 4; lastKnownFileType = sourcecode.c.objc; path = HMDeliveryAddressTableViewCell.m; sourceTree = "<group>"; };
/* End PBXFileReference section */

/* Begin PBXFrameworksBuildPhase section */
		2BE1CC471D8CEDB50024F705 /* Frameworks */ = {
			isa = PBXFrameworksBuildPhase;
			buildActionMask = 2147483647;
			files = (
			);
			runOnlyForDeploymentPostprocessing = 0;
		};
		2BE1CC601D8CEDB50024F705 /* Frameworks */ = {
			isa = PBXFrameworksBuildPhase;
			buildActionMask = 2147483647;
			files = (
			);
			runOnlyForDeploymentPostprocessing = 0;
		};
		2BE1CC6B1D8CEDB50024F705 /* Frameworks */ = {
			isa = PBXFrameworksBuildPhase;
			buildActionMask = 2147483647;
			files = (
			);
			runOnlyForDeploymentPostprocessing = 0;
		};
/* End PBXFrameworksBuildPhase section */

/* Begin PBXGroup section */
		2BE1CC411D8CEDB50024F705 = {
			isa = PBXGroup;
			children = (
				2BE1CC4C1D8CEDB50024F705 /* HungerMealsDelivery */,
				2BE1CC661D8CEDB50024F705 /* HungerMealsDeliveryTests */,
				2BE1CC711D8CEDB50024F705 /* HungerMealsDeliveryUITests */,
				2BE1CC4B1D8CEDB50024F705 /* Products */,
			);
			sourceTree = "<group>";
		};
		2BE1CC4B1D8CEDB50024F705 /* Products */ = {
			isa = PBXGroup;
			children = (
				2BE1CC4A1D8CEDB50024F705 /* HungerMealsDelivery.app */,
				2BE1CC631D8CEDB50024F705 /* HungerMealsDeliveryTests.xctest */,
				2BE1CC6E1D8CEDB50024F705 /* HungerMealsDeliveryUITests.xctest */,
			);
			name = Products;
			sourceTree = "<group>";
		};
		2BE1CC4C1D8CEDB50024F705 /* HungerMealsDelivery */ = {
			isa = PBXGroup;
			children = (
				2BE1CC501D8CEDB50024F705 /* AppDelegate.h */,
				2BE1CC511D8CEDB50024F705 /* AppDelegate.m */,
				2BE1CC841D8CF5230024F705 /* Cells */,
				2BE1CC831D8CF50F0024F705 /* ViewControllers */,
				2BE1CC561D8CEDB50024F705 /* Main.storyboard */,
				2BE1CC591D8CEDB50024F705 /* Assets.xcassets */,
				2BE1CC5B1D8CEDB50024F705 /* LaunchScreen.storyboard */,
				2BE1CC5E1D8CEDB50024F705 /* Info.plist */,
				2BE1CC4D1D8CEDB50024F705 /* Supporting Files */,
			);
			path = HungerMealsDelivery;
			sourceTree = "<group>";
		};
		2BE1CC4D1D8CEDB50024F705 /* Supporting Files */ = {
			isa = PBXGroup;
			children = (
				2BE1CC4E1D8CEDB50024F705 /* main.m */,
			);
			name = "Supporting Files";
			sourceTree = "<group>";
		};
		2BE1CC661D8CEDB50024F705 /* HungerMealsDeliveryTests */ = {
			isa = PBXGroup;
			children = (
				2BE1CC671D8CEDB50024F705 /* HungerMealsDeliveryTests.m */,
				2BE1CC691D8CEDB50024F705 /* Info.plist */,
			);
			path = HungerMealsDeliveryTests;
			sourceTree = "<group>";
		};
		2BE1CC711D8CEDB50024F705 /* HungerMealsDeliveryUITests */ = {
			isa = PBXGroup;
			children = (
				2BE1CC721D8CEDB50024F705 /* HungerMealsDeliveryUITests.m */,
				2BE1CC741D8CEDB50024F705 /* Info.plist */,
			);
			path = HungerMealsDeliveryUITests;
			sourceTree = "<group>";
		};
		2BE1CC831D8CF50F0024F705 /* ViewControllers */ = {
			isa = PBXGroup;
			children = (
				2BE1CC801D8CF07F0024F705 /* HMDLoginViewController.h */,
				2BE1CC811D8CF07F0024F705 /* HMDLoginViewController.m */,
				2BE1CC851D8CF6940024F705 /* HMDListTableViewController.h */,
				2BE1CC861D8CF6940024F705 /* HMDListTableViewController.m */,
			);
			name = ViewControllers;
			sourceTree = "<group>";
		};
		2BE1CC841D8CF5230024F705 /* Cells */ = {
			isa = PBXGroup;
			children = (
				2BE1CC881D8CF6FE0024F705 /* HMDeliveryAddressTableViewCell.h */,
				2BE1CC891D8CF6FE0024F705 /* HMDeliveryAddressTableViewCell.m */,
			);
			name = Cells;
			sourceTree = "<group>";
		};
/* End PBXGroup section */

/* Begin PBXNativeTarget section */
		2BE1CC491D8CEDB50024F705 /* HungerMealsDelivery */ = {
			isa = PBXNativeTarget;
			buildConfigurationList = 2BE1CC771D8CEDB50024F705 /* Build configuration list for PBXNativeTarget "HungerMealsDelivery" */;
			buildPhases = (
				2BE1CC461D8CEDB50024F705 /* Sources */,
				2BE1CC471D8CEDB50024F705 /* Frameworks */,
				2BE1CC481D8CEDB50024F705 /* Resources */,
			);
			buildRules = (
			);
			dependencies = (
			);
			name = HungerMealsDelivery;
			productName = HungerMealsDelivery;
			productReference = 2BE1CC4A1D8CEDB50024F705 /* HungerMealsDelivery.app */;
			productType = "com.apple.product-type.application";
		};
		2BE1CC621D8CEDB50024F705 /* HungerMealsDeliveryTests */ = {
			isa = PBXNativeTarget;
			buildConfigurationList = 2BE1CC7A1D8CEDB50024F705 /* Build configuration list for PBXNativeTarget "HungerMealsDeliveryTests" */;
			buildPhases = (
				2BE1CC5F1D8CEDB50024F705 /* Sources */,
				2BE1CC601D8CEDB50024F705 /* Frameworks */,
				2BE1CC611D8CEDB50024F705 /* Resources */,
			);
			buildRules = (
			);
			dependencies = (
				2BE1CC651D8CEDB50024F705 /* PBXTargetDependency */,
			);
			name = HungerMealsDeliveryTests;
			productName = HungerMealsDeliveryTests;
			productReference = 2BE1CC631D8CEDB50024F705 /* HungerMealsDeliveryTests.xctest */;
			productType = "com.apple.product-type.bundle.unit-test";
		};
		2BE1CC6D1D8CEDB50024F705 /* HungerMealsDeliveryUITests */ = {
			isa = PBXNativeTarget;
			buildConfigurationList = 2BE1CC7D1D8CEDB50024F705 /* Build configuration list for PBXNativeTarget "HungerMealsDeliveryUITests" */;
			buildPhases = (
				2BE1CC6A1D8CEDB50024F705 /* Sources */,
				2BE1CC6B1D8CEDB50024F705 /* Frameworks */,
				2BE1CC6C1D8CEDB50024F705 /* Resources */,
			);
			buildRules = (
			);
			dependencies = (
				2BE1CC701D8CEDB50024F705 /* PBXTargetDependency */,
			);
			name = HungerMealsDeliveryUITests;
			productName = HungerMealsDeliveryUITests;
			productReference = 2BE1CC6E1D8CEDB50024F705 /* HungerMealsDeliveryUITests.xctest */;
			productType = "com.apple.product-type.bundle.ui-testing";
		};
/* End PBXNativeTarget section */

/* Begin PBXProject section */
		2BE1CC421D8CEDB50024F705 /* Project object */ = {
			isa = PBXProject;
			attributes = {
				LastUpgradeCheck = 0720;
				ORGANIZATIONNAME = Sukor;
				TargetAttributes = {
					2BE1CC491D8CEDB50024F705 = {
						CreatedOnToolsVersion = 7.2;
					};
					2BE1CC621D8CEDB50024F705 = {
						CreatedOnToolsVersion = 7.2;
						TestTargetID = 2BE1CC491D8CEDB50024F705;
					};
					2BE1CC6D1D8CEDB50024F705 = {
						CreatedOnToolsVersion = 7.2;
						TestTargetID = 2BE1CC491D8CEDB50024F705;
					};
				};
			};
			buildConfigurationList = 2BE1CC451D8CEDB50024F705 /* Build configuration list for PBXProject "HungerMealsDelivery" */;
			compatibilityVersion = "Xcode 3.2";
			developmentRegion = English;
			hasScannedForEncodings = 0;
			knownRegions = (
				en,
				Base,
			);
			mainGroup = 2BE1CC411D8CEDB50024F705;
			productRefGroup = 2BE1CC4B1D8CEDB50024F705 /* Products */;
			projectDirPath = "";
			projectRoot = "";
			targets = (
				2BE1CC491D8CEDB50024F705 /* HungerMealsDelivery */,
				2BE1CC621D8CEDB50024F705 /* HungerMealsDeliveryTests */,
				2BE1CC6D1D8CEDB50024F705 /* HungerMealsDeliveryUITests */,
			);
		};
/* End PBXProject section */

/* Begin PBXResourcesBuildPhase section */
		2BE1CC481D8CEDB50024F705 /* Resources */ = {
			isa = PBXResourcesBuildPhase;
			buildActionMask = 2147483647;
			files = (
				2BE1CC5D1D8CEDB50024F705 /* LaunchScreen.storyboard in Resources */,
				2BE1CC5A1D8CEDB50024F705 /* Assets.xcassets in Resources */,
				2BE1CC581D8CEDB50024F705 /* Main.storyboard in Resources */,
			);
			runOnlyForDeploymentPostprocessing = 0;
		};
		2BE1CC611D8CEDB50024F705 /* Resources */ = {
			isa = PBXResourcesBuildPhase;
			buildActionMask = 2147483647;
			files = (
			);
			runOnlyForDeploymentPostprocessing = 0;
		};
		2BE1CC6C1D8CEDB50024F705 /* Resources */ = {
			isa = PBXResourcesBuildPhase;
			buildActionMask = 2147483647;
			files = (
			);
			runOnlyForDeploymentPostprocessing = 0;
		};
/* End PBXResourcesBuildPhase section */

/* Begin PBXSourcesBuildPhase section */
		2BE1CC461D8CEDB50024F705 /* Sources */ = {
			isa = PBXSourcesBuildPhase;
			buildActionMask = 2147483647;
			files = (
				2BE1CC521D8CEDB50024F705 /* AppDelegate.m in Sources */,
				2BE1CC8A1D8CF6FE0024F705 /* HMDeliveryAddressTableViewCell.m in Sources */,
				2BE1CC821D8CF07F0024F705 /* HMDLoginViewController.m in Sources */,
				2BE1CC4F1D8CEDB50024F705 /* main.m in Sources */,
				2BE1CC871D8CF6940024F705 /* HMDListTableViewController.m in Sources */,
			);
			runOnlyForDeploymentPostprocessing = 0;
		};
		2BE1CC5F1D8CEDB50024F705 /* Sources */ = {
			isa = PBXSourcesBuildPhase;
			buildActionMask = 2147483647;
			files = (
				2BE1CC681D8CEDB50024F705 /* HungerMealsDeliveryTests.m in Sources */,
			);
			runOnlyForDeploymentPostprocessing = 0;
		};
		2BE1CC6A1D8CEDB50024F705 /* Sources */ = {
			isa = PBXSourcesBuildPhase;
			buildActionMask = 2147483647;
			files = (
				2BE1CC731D8CEDB50024F705 /* HungerMealsDeliveryUITests.m in Sources */,
			);
			runOnlyForDeploymentPostprocessing = 0;
		};
/* End PBXSourcesBuildPhase section */

/* Begin PBXTargetDependency section */
		2BE1CC651D8CEDB50024F705 /* PBXTargetDependency */ = {
			isa = PBXTargetDependency;
			target = 2BE1CC491D8CEDB50024F705 /* HungerMealsDelivery */;
			targetProxy = 2BE1CC641D8CEDB50024F705 /* PBXContainerItemProxy */;
		};
		2BE1CC701D8CEDB50024F705 /* PBXTargetDependency */ = {
			isa = PBXTargetDependency;
			target = 2BE1CC491D8CEDB50024F705 /* HungerMealsDelivery */;
			targetProxy = 2BE1CC6F1D8CEDB50024F705 /* PBXContainerItemProxy */;
		};
/* End PBXTargetDependency section */

/* Begin PBXVariantGroup section */
		2BE1CC561D8CEDB50024F705 /* Main.storyboard */ = {
			isa = PBXVariantGroup;
			children = (
				2BE1CC571D8CEDB50024F705 /* Base */,
			);
			name = Main.storyboard;
			sourceTree = "<group>";
		};
		2BE1CC5B1D8CEDB50024F705 /* LaunchScreen.storyboard */ = {
			isa = PBXVariantGroup;
			children = (
				2BE1CC5C1D8CEDB50024F705 /* Base */,
			);
			name = LaunchScreen.storyboard;
			sourceTree = "<group>";
		};
/* End PBXVariantGroup section */

/* Begin XCBuildConfiguration section */
		2BE1CC751D8CEDB50024F705 /* Debug */ = {
			isa = XCBuildConfiguration;
			buildSettings = {
				ALWAYS_SEARCH_USER_PATHS = NO;
				CLANG_CXX_LANGUAGE_STANDARD = "gnu++0x";
				CLANG_CXX_LIBRARY = "libc++";
				CLANG_ENABLE_MODULES = YES;
				CLANG_ENABLE_OBJC_ARC = YES;
				CLANG_WARN_BOOL_CONVERSION = YES;
				CLANG_WARN_CONSTANT_CONVERSION = YES;
				CLANG_WARN_DIRECT_OBJC_ISA_USAGE = YES_ERROR;
				CLANG_WARN_EMPTY_BODY = YES;
				CLANG_WARN_ENUM_CONVERSION = YES;
				CLANG_WARN_INT_CONVERSION = YES;
				CLANG_WARN_OBJC_ROOT_CLASS = YES_ERROR;
				CLANG_WARN_UNREACHABLE_CODE = YES;
				CLANG_WARN__DUPLICATE_METHOD_MATCH = YES;
				"CODE_SIGN_IDENTITY[sdk=iphoneos*]" = "iPhone Developer";
				COPY_PHASE_STRIP = NO;
				DEBUG_INFORMATION_FORMAT = dwarf;
				ENABLE_STRICT_OBJC_MSGSEND = YES;
				ENABLE_TESTABILITY = YES;
				GCC_C_LANGUAGE_STANDARD = gnu99;
				GCC_DYNAMIC_NO_PIC = NO;
				GCC_NO_COMMON_BLOCKS = YES;
				GCC_OPTIMIZATION_LEVEL = 0;
				GCC_PREPROCESSOR_DEFINITIONS = (
					"DEBUG=1",
					"$(inherited)",
				);
				GCC_WARN_64_TO_32_BIT_CONVERSION = YES;
				GCC_WARN_ABOUT_RETURN_TYPE = YES_ERROR;
				GCC_WARN_UNDECLARED_SELECTOR = YES;
				GCC_WARN_UNINITIALIZED_AUTOS = YES_AGGRESSIVE;
				GCC_WARN_UNUSED_FUNCTION = YES;
				GCC_WARN_UNUSED_VARIABLE = YES;
				IPHONEOS_DEPLOYMENT_TARGET = 9.2;
				MTL_ENABLE_DEBUG_INFO = YES;
				ONLY_ACTIVE_ARCH = YES;
				SDKROOT = iphoneos;
				TARGETED_DEVICE_FAMILY = "1,2";
			};
			name = Debug;
		};
		2BE1CC761D8CEDB50024F705 /* Release */ = {
			isa = XCBuildConfiguration;
			buildSettings = {
				ALWAYS_SEARCH_USER_PATHS = NO;
				CLANG_CXX_LANGUAGE_STANDARD = "gnu++0x";
				CLANG_CXX_LIBRARY = "libc++";
				CLANG_ENABLE_MODULES = YES;
				CLANG_ENABLE_OBJC_ARC = YES;
				CLANG_WARN_BOOL_CONVERSION = YES;
				CLANG_WARN_CONSTANT_CONVERSION = YES;
				CLANG_WARN_DIRECT_OBJC_ISA_USAGE = YES_ERROR;
				CLANG_WARN_EMPTY_BODY = YES;
				CLANG_WARN_ENUM_CONVERSION = YES;
				CLANG_WARN_INT_CONVERSION = YES;
				CLANG_WARN_OBJC_ROOT_CLASS = YES_ERROR;
				CLANG_WARN_UNREACHABLE_CODE = YES;
				CLANG_WARN__DUPLICATE_METHOD_MATCH = YES;
				"CODE_SIGN_IDENTITY[sdk=iphoneos*]" = "iPhone Developer";
				COPY_PHASE_STRIP = NO;
				DEBUG_INFORMATION_FORMAT = "dwarf-with-dsym";
				ENABLE_NS_ASSERTIONS = NO;
				ENABLE_STRICT_OBJC_MSGSEND = YES;
				GCC_C_LANGUAGE_STANDARD = gnu99;
				GCC_NO_COMMON_BLOCKS = YES;
				GCC_WARN_64_TO_32_BIT_CONVERSION = YES;
				GCC_WARN_ABOUT_RETURN_TYPE = YES_ERROR;
				GCC_WARN_UNDECLARED_SELECTOR = YES;
				GCC_WARN_UNINITIALIZED_AUTOS = YES_AGGRESSIVE;
				GCC_WARN_UNUSED_FUNCTION = YES;
				GCC_WARN_UNUSED_VARIABLE = YES;
				IPHONEOS_DEPLOYMENT_TARGET = 9.2;
				MTL_ENABLE_DEBUG_INFO = NO;
				SDKROOT = iphoneos;
				TARGETED_DEVICE_FAMILY = "1,2";
				VALIDATE_PRODUCT = YES;
			};
			name = Release;
		};
		2BE1CC781D8CEDB50024F705 /* Debug */ = {
			isa = XCBuildConfiguration;
			buildSettings = {
				ASSETCATALOG_COMPILER_APPICON_NAME = AppIcon;
				INFOPLIST_FILE = HungerMealsDelivery/Info.plist;
				IPHONEOS_DEPLOYMENT_TARGET = 8.0;
				LD_RUNPATH_SEARCH_PATHS = "$(inherited) @executable_path/Frameworks";
				PRODUCT_BUNDLE_IDENTIFIER = com.basicapps.hungermealsdelivery.HungerMealsDelivery;
				PRODUCT_NAME = "$(TARGET_NAME)";
			};
			name = Debug;
		};
		2BE1CC791D8CEDB50024F705 /* Release */ = {
			isa = XCBuildConfiguration;
			buildSettings = {
				ASSETCATALOG_COMPILER_APPICON_NAME = AppIcon;
				INFOPLIST_FILE = HungerMealsDelivery/Info.plist;
				IPHONEOS_DEPLOYMENT_TARGET = 8.0;
				LD_RUNPATH_SEARCH_PATHS = "$(inherited) @executable_path/Frameworks";
				PRODUCT_BUNDLE_IDENTIFIER = com.basicapps.hungermealsdelivery.HungerMealsDelivery;
				PRODUCT_NAME = "$(TARGET_NAME)";
			};
			name = Release;
		};
		2BE1CC7B1D8CEDB50024F705 /* Debug */ = {
			isa = XCBuildConfiguration;
			buildSettings = {
				BUNDLE_LOADER = "$(TEST_HOST)";
				INFOPLIST_FILE = HungerMealsDeliveryTests/Info.plist;
				LD_RUNPATH_SEARCH_PATHS = "$(inherited) @executable_path/Frameworks @loader_path/Frameworks";
				PRODUCT_BUNDLE_IDENTIFIER = com.basicapps.hungermealsdelivery.HungerMealsDeliveryTests;
				PRODUCT_NAME = "$(TARGET_NAME)";
				TEST_HOST = "$(BUILT_PRODUCTS_DIR)/HungerMealsDelivery.app/HungerMealsDelivery";
			};
			name = Debug;
		};
		2BE1CC7C1D8CEDB50024F705 /* Release */ = {
			isa = XCBuildConfiguration;
			buildSettings = {
				BUNDLE_LOADER = "$(TEST_HOST)";
				INFOPLIST_FILE = HungerMealsDeliveryTests/Info.plist;
				LD_RUNPATH_SEARCH_PATHS = "$(inherited) @executable_path/Frameworks @loader_path/Frameworks";
				PRODUCT_BUNDLE_IDENTIFIER = com.basicapps.hungermealsdelivery.HungerMealsDeliveryTests;
				PRODUCT_NAME = "$(TARGET_NAME)";
				TEST_HOST = "$(BUILT_PRODUCTS_DIR)/HungerMealsDelivery.app/HungerMealsDelivery";
			};
			name = Release;
		};
		2BE1CC7E1D8CEDB50024F705 /* Debug */ = {
			isa = XCBuildConfiguration;
			buildSettings = {
				INFOPLIST_FILE = HungerMealsDeliveryUITests/Info.plist;
				LD_RUNPATH_SEARCH_PATHS = "$(inherited) @executable_path/Frameworks @loader_path/Frameworks";
				PRODUCT_BUNDLE_IDENTIFIER = com.basicapps.hungermealsdelivery.HungerMealsDeliveryUITests;
				PRODUCT_NAME = "$(TARGET_NAME)";
				TEST_TARGET_NAME = HungerMealsDelivery;
				USES_XCTRUNNER = YES;
			};
			name = Debug;
		};
		2BE1CC7F1D8CEDB50024F705 /* Release */ = {
			isa = XCBuildConfiguration;
			buildSettings = {
				INFOPLIST_FILE = HungerMealsDeliveryUITests/Info.plist;
				LD_RUNPATH_SEARCH_PATHS = "$(inherited) @executable_path/Frameworks @loader_path/Frameworks";
				PRODUCT_BUNDLE_IDENTIFIER = com.basicapps.hungermealsdelivery.HungerMealsDeliveryUITests;
				PRODUCT_NAME = "$(TARGET_NAME)";
				TEST_TARGET_NAME = HungerMealsDelivery;
				USES_XCTRUNNER = YES;
			};
			name = Release;
		};
/* End XCBuildConfiguration section */

/* Begin XCConfigurationList section */
		2BE1CC451D8CEDB50024F705 /* Build configuration list for PBXProject "HungerMealsDelivery" */ = {
			isa = XCConfigurationList;
			buildConfigurations = (
				2BE1CC751D8CEDB50024F705 /* Debug */,
				2BE1CC761D8CEDB50024F705 /* Release */,
			);
			defaultConfigurationIsVisible = 0;
			defaultConfigurationName = Release;
		};
		2BE1CC771D8CEDB50024F705 /* Build configuration list for PBXNativeTarget "HungerMealsDelivery" */ = {
			isa = XCConfigurationList;
			buildConfigurations = (
				2BE1CC781D8CEDB50024F705 /* Debug */,
				2BE1CC791D8CEDB50024F705 /* Release */,
			);
			defaultConfigurationIsVisible = 0;
		};
		2BE1CC7A1D8CEDB50024F705 /* Build configuration list for PBXNativeTarget "HungerMealsDeliveryTests" */ = {
			isa = XCConfigurationList;
			buildConfigurations = (
				2BE1CC7B1D8CEDB50024F705 /* Debug */,
				2BE1CC7C1D8CEDB50024F705 /* Release */,
			);
			defaultConfigurationIsVisible = 0;
		};
		2BE1CC7D1D8CEDB50024F705 /* Build configuration list for PBXNativeTarget "HungerMealsDeliveryUITests" */ = {
			isa = XCConfigurationList;
			buildConfigurations = (
				2BE1CC7E1D8CEDB50024F705 /* Debug */,
				2BE1CC7F1D8CEDB50024F705 /* Release */,
			);
			defaultConfigurationIsVisible = 0;
		};
/* End XCConfigurationList section */
	};
	rootObject = 2BE1CC421D8CEDB50024F705 /* Project object */;
}
